
Microsoft Visual Studio Solution File, Format Version 12.00
# Visual Studio Version 17
VisualStudioVersion = 17.8.34511.84
MinimumVisualStudioVersion = 10.0.40219.1
Project("{FAE04EC0-301F-11D3-BF4B-00C04F79EFBC}") = "ExifToolWrapper", "ExifToolWrapper.csproj", "{DCA7DEAF-BF3A-4F86-99A6-69B636BE2B2B}"
EndProject
Global
	GlobalSection(SolutionConfigurationPlatforms) = preSolution
		Debug|Any CPU = Debug|Any CPU
		Release|Any CPU = Release|Any CPU
	EndGlobalSection
	GlobalSection(ProjectConfigurationPlatforms) = postSolution
		{DCA7DEAF-BF3A-4F86-99A6-69B636BE2B2B}.Debug|Any CPU.ActiveCfg = Debug|Any CPU
		{DCA7DEAF-BF3A-4F86-99A6-69B636BE2B2B}.Debug|Any CPU.Build.0 = Debug|Any CPU
		{DCA7DEAF-BF3A-4F86-99A6-69B636BE2B2B}.Release|Any CPU.ActiveCfg = Release|Any CPU
		{DCA7DEAF-BF3A-4F86-99A6-69B636BE2B2B}.Release|Any CPU.Build.0 = Release|Any CPU
	EndGlobalSection
	GlobalSection(SolutionProperties) = preSolution
		HideSolutionNode = FALSE
	EndGlobalSection
	GlobalSection(ExtensibilityGlobals) = postSolution
		SolutionGuid = {8C7754B1-0E4D-4EA2-995C-F43035644500}
	EndGlobalSection
EndGlobal
